
Microsoft Visual Studio Solution File, Format Version 12.00
# Visual Studio Version 16
VisualStudioVersion = 16.0.29509.3
MinimumVisualStudioVersion = 10.0.40219.1
Project("{8BC9CEB8-8B4A-11D0-8D11-00A0C91BC942}") = "November21st-Classes", "November21st-Classes\November21st-Classes.vcxproj", "{FDF47F4B-199B-469B-B644-4C07031520FA}"
EndProject
Project("{8BC9CEB8-8B4A-11D0-8D11-00A0C91BC942}") = "UnitTest1", "UnitTest1\UnitTest1.vcxproj", "{FBEC8C49-9B37-4DCE-AB48-C88507A31703}"
EndProject
Global
	GlobalSection(SolutionConfigurationPlatforms) = preSolution
		Debug|x64 = Debug|x64
		Debug|x86 = Debug|x86
		Release|x64 = Release|x64
		Release|x86 = Release|x86
	EndGlobalSection
	GlobalSection(ProjectConfigurationPlatforms) = postSolution
		{FDF47F4B-199B-469B-B644-4C07031520FA}.Debug|x64.ActiveCfg = Debug|x64
		{FDF47F4B-199B-469B-B644-4C07031520FA}.Debug|x64.Build.0 = Debug|x64
		{FDF47F4B-199B-469B-B644-4C07031520FA}.Debug|x86.ActiveCfg = Debug|Win32
		{FDF47F4B-199B-469B-B644-4C07031520FA}.Debug|x86.Build.0 = Debug|Win32
		{FDF47F4B-199B-469B-B644-4C07031520FA}.Release|x64.ActiveCfg = Release|x64
		{FDF47F4B-199B-469B-B644-4C07031520FA}.Release|x64.Build.0 = Release|x64
		{FDF47F4B-199B-469B-B644-4C07031520FA}.Release|x86.ActiveCfg = Release|Win32
		{FDF47F4B-199B-469B-B644-4C07031520FA}.Release|x86.Build.0 = Release|Win32
		{FBEC8C49-9B37-4DCE-AB48-C88507A31703}.Debug|x64.ActiveCfg = Debug|x64
		{FBEC8C49-9B37-4DCE-AB48-C88507A31703}.Debug|x64.Build.0 = Debug|x64
		{FBEC8C49-9B37-4DCE-AB48-C88507A31703}.Debug|x86.ActiveCfg = Debug|Win32
		{FBEC8C49-9B37-4DCE-AB48-C88507A31703}.Debug|x86.Build.0 = Debug|Win32
		{FBEC8C49-9B37-4DCE-AB48-C88507A31703}.Release|x64.ActiveCfg = Release|x64
		{FBEC8C49-9B37-4DCE-AB48-C88507A31703}.Release|x64.Build.0 = Release|x64
		{FBEC8C49-9B37-4DCE-AB48-C88507A31703}.Release|x86.ActiveCfg = Release|Win32
		{FBEC8C49-9B37-4DCE-AB48-C88507A31703}.Release|x86.Build.0 = Release|Win32
	EndGlobalSection
	GlobalSection(SolutionProperties) = preSolution
		HideSolutionNode = FALSE
	EndGlobalSection
	GlobalSection(ExtensibilityGlobals) = postSolution
		SolutionGuid = {E2F8035C-991F-4A4B-865D-AFE9D4492D5A}
	EndGlobalSection
EndGlobal
