
Microsoft Visual Studio Solution File, Format Version 12.00
# Visual Studio Version 16
VisualStudioVersion = 16.0.29230.47
MinimumVisualStudioVersion = 10.0.40219.1
Project("{8BC9CEB8-8B4A-11D0-8D11-00A0C91BC942}") = "September24th", "September24th\September24th.vcxproj", "{401A3693-D86C-4464-AE14-6C97F7233D0E}"
EndProject
Global
	GlobalSection(SolutionConfigurationPlatforms) = preSolution
		Debug|x64 = Debug|x64
		Debug|x86 = Debug|x86
		Release|x64 = Release|x64
		Release|x86 = Release|x86
	EndGlobalSection
	GlobalSection(ProjectConfigurationPlatforms) = postSolution
		{401A3693-D86C-4464-AE14-6C97F7233D0E}.Debug|x64.ActiveCfg = Debug|x64
		{401A3693-D86C-4464-AE14-6C97F7233D0E}.Debug|x64.Build.0 = Debug|x64
		{401A3693-D86C-4464-AE14-6C97F7233D0E}.Debug|x86.ActiveCfg = Debug|Win32
		{401A3693-D86C-4464-AE14-6C97F7233D0E}.Debug|x86.Build.0 = Debug|Win32
		{401A3693-D86C-4464-AE14-6C97F7233D0E}.Release|x64.ActiveCfg = Release|x64
		{401A3693-D86C-4464-AE14-6C97F7233D0E}.Release|x64.Build.0 = Release|x64
		{401A3693-D86C-4464-AE14-6C97F7233D0E}.Release|x86.ActiveCfg = Release|Win32
		{401A3693-D86C-4464-AE14-6C97F7233D0E}.Release|x86.Build.0 = Release|Win32
	EndGlobalSection
	GlobalSection(SolutionProperties) = preSolution
		HideSolutionNode = FALSE
	EndGlobalSection
	GlobalSection(ExtensibilityGlobals) = postSolution
		SolutionGuid = {72E80F10-4B42-4FFB-A8CD-DD3EA1691055}
	EndGlobalSection
EndGlobal
